{
  "name": "@danilo_pereira/json-crypto",
  "version": "0.0.1",
  "lockfileVersion": 2,
  "requires": true,
  "packages": {
    "": {
      "name": "@danilo_pereira/json-crypto",
      "version": "1.0.1",
      "license": "MIT",
      "bin": {
        "pipe-test": "bin/global.js"
      },
      "devDependencies": {
        "p-iteration": "^1.1.8"
      }
    },
    "node_modules/p-iteration": {
      "version": "1.1.8",
      "resolved": "https://registry.npmjs.org/p-iteration/-/p-iteration-1.1.8.tgz",
      "integrity": "sha512-IMFBSDIYcPNnW7uWYGrBqmvTiq7W0uB0fJn6shQZs7dlF3OvrHOre+JT9ikSZ7gZS3vWqclVgoQSvToJrns7uQ==",
      "dev": true,
      "engines": {
        "node": ">=8.0.0"
      }
    }
  },
  "dependencies": {
    "p-iteration": {
      "version": "1.1.8",
      "resolved": "https://registry.npmjs.org/p-iteration/-/p-iteration-1.1.8.tgz",
      "integrity": "sha512-IMFBSDIYcPNnW7uWYGrBqmvTiq7W0uB0fJn6shQZs7dlF3OvrHOre+JT9ikSZ7gZS3vWqclVgoQSvToJrns7uQ==",
      "dev": true
    }
  }
}
